
Microsoft Visual Studio Solution File, Format Version 10.00
# Visual Studio 2008
Project("{2150E333-8FDC-42A3-9474-1A3956D46DE8}") = "Core", "Core", "{6DC9A109-EC89-4221-B8CD-9E88B589DBC1}"
EndProject
Project("{FAE04EC0-301F-11D3-BF4B-00C04F79EFBC}") = "FSpot.Bling", "src\Core\FSpot.Bling\FSpot.Bling.csproj", "{7281334F-0B1D-4383-9EA2-6740D56ADCDE}"
EndProject
Project("{FAE04EC0-301F-11D3-BF4B-00C04F79EFBC}") = "FSpot.Cms", "src\Core\FSpot.Cms\FSpot.Cms.csproj", "{9D66BC1B-4390-4B8D-8468-19D5A862EC23}"
EndProject
Project("{FAE04EC0-301F-11D3-BF4B-00C04F79EFBC}") = "FSpot.JobScheduler", "src\Core\FSpot.JobScheduler\FSpot.JobScheduler.csproj", "{46049AF4-97E0-4EE5-A5CB-A9D0C9026B25}"
EndProject
Project("{FAE04EC0-301F-11D3-BF4B-00C04F79EFBC}") = "FSpot.Core", "src\Core\FSpot.Core\FSpot.Core.csproj", "{57EDC3BC-E777-4400-B4E7-32A5D8F15A76}"
EndProject
Project("{FAE04EC0-301F-11D3-BF4B-00C04F79EFBC}") = "FSpot.Platform", "src\Core\FSpot.Platform\FSpot.Platform.csproj", "{2D3B12F7-ABF3-4784-92FE-78A1C775E157}"
EndProject
Project("{FAE04EC0-301F-11D3-BF4B-00C04F79EFBC}") = "FSpot.Query", "src\Core\FSpot.Query\FSpot.Query.csproj", "{D4E4D07E-D323-4CAE-BE04-8EE8EDF7F07E}"
EndProject
Project("{FAE04EC0-301F-11D3-BF4B-00C04F79EFBC}") = "FSpot.Utils", "src\Core\FSpot.Utils\FSpot.Utils.csproj", "{CE160879-1BF0-4711-A18F-FDA2772900FA}"
EndProject
Project("{FAE04EC0-301F-11D3-BF4B-00C04F79EFBC}") = "FSpot.Widgets", "src\Core\FSpot.Widgets\FSpot.Widgets.csproj", "{05A7FEC4-974A-40EB-AFB8-14E523EEEFFB}"
EndProject
Project("{2150E333-8FDC-42A3-9474-1A3956D46DE8}") = "Libraries", "Libraries", "{6369E0D4-0A68-4D4E-A6A0-EF2EA793002F}"
EndProject
Project("{FAE04EC0-301F-11D3-BF4B-00C04F79EFBC}") = "Hyena", "lib\Hyena\Hyena\Hyena.csproj", "{95374549-9553-4C1E-9D89-667755F90E12}"
EndProject
Project("{FAE04EC0-301F-11D3-BF4B-00C04F79EFBC}") = "Hyena.Data.Sqlite", "lib\Hyena\Hyena.Data.Sqlite\Hyena.Data.Sqlite.csproj", "{95374549-9553-4C1E-9D89-667755F90E13}"
EndProject
Project("{FAE04EC0-301F-11D3-BF4B-00C04F79EFBC}") = "Mono.Data.Sqlite", "lib\Hyena\Mono.Data.Sqlite\Mono.Data.Sqlite.csproj", "{BB1D1D81-7A74-4183-B7B1-3E78B32D42F1}"
EndProject
Project("{FAE04EC0-301F-11D3-BF4B-00C04F79EFBC}") = "TagLib", "lib\TagLib\TagLib.csproj", "{903D6440-A981-4B29-8825-7EB820684925}"
EndProject
Project("{FAE04EC0-301F-11D3-BF4B-00C04F79EFBC}") = "Hyena.Gui", "lib\Hyena\Hyena.Gui\Hyena.Gui.csproj", "{C856EFD8-E812-4E61-8B76-E3583D94C233}"
EndProject
Project("{FAE04EC0-301F-11D3-BF4B-00C04F79EFBC}") = "Mono.Google", "lib\Mono.Google\Mono.Google.csproj", "{40C7D4EA-FB93-49FE-B18F-700A28C3E670}"
EndProject
Project("{FAE04EC0-301F-11D3-BF4B-00C04F79EFBC}") = "SmugMugNet", "lib\SmugMugNet\SmugMugNet.csproj", "{FFC3D9B1-B19A-44D8-8AA2-96DDE911320E}"
EndProject
Project("{FAE04EC0-301F-11D3-BF4B-00C04F79EFBC}") = "Mono.Tabblo", "lib\Mono.Tabblo\Mono.Tabblo.csproj", "{B5CDF05C-278A-40AA-A587-B27A00BD9135}"
EndProject
Project("{2150E333-8FDC-42A3-9474-1A3956D46DE8}") = "Clients", "Clients", "{9D75644A-DEF1-4362-8553-4B5F09783DC9}"
EndProject
Project("{FAE04EC0-301F-11D3-BF4B-00C04F79EFBC}") = "MainApp", "src\Clients\MainApp\MainApp.csproj", "{27EC05FB-0223-4B26-8157-E49AF81D0007}"
EndProject
Project("{2150E333-8FDC-42A3-9474-1A3956D46DE8}") = "Extensions", "Extensions", "{7D049DAA-F1B0-4697-9BCA-91FC0E1A2B9D}"
EndProject
Project("{2150E333-8FDC-42A3-9474-1A3956D46DE8}") = "Editors", "Editors", "{416E19A2-9CD9-498F-BE75-20AB74535ACD}"
EndProject
Project("{FAE04EC0-301F-11D3-BF4B-00C04F79EFBC}") = "FSpot.Editors.BlackoutEditor", "src\Extensions\Editors\FSpot.Editors.BlackoutEditor\FSpot.Editors.BlackoutEditor.csproj", "{7011154B-87B0-4C54-98DD-B5FF1E60B75F}"
EndProject
Project("{FAE04EC0-301F-11D3-BF4B-00C04F79EFBC}") = "FSpot.Editors.BWEditor", "src\Extensions\Editors\FSpot.Editors.BWEditor\FSpot.Editors.BWEditor.csproj", "{61DAD6B1-E866-485B-819E-A9E86B793F5E}"
EndProject
Project("{FAE04EC0-301F-11D3-BF4B-00C04F79EFBC}") = "FSpot.Editors.FlipEditor", "src\Extensions\Editors\FSpot.Editors.FlipEditor\FSpot.Editors.FlipEditor.csproj", "{53DAC12F-0421-4F5E-A746-17A701D2BDDA}"
EndProject
Project("{FAE04EC0-301F-11D3-BF4B-00C04F79EFBC}") = "FSpot.Editors.PixelateEditor", "src\Extensions\Editors\FSpot.Editors.PixelateEditor\FSpot.Editors.PixelateEditor.csproj", "{8EB3933F-A089-43A3-B662-617DC71A2173}"
EndProject
Project("{FAE04EC0-301F-11D3-BF4B-00C04F79EFBC}") = "FSpot.Editors.ResizeEditor", "src\Extensions\Editors\FSpot.Editors.ResizeEditor\FSpot.Editors.ResizeEditor.csproj", "{1F610540-D2ED-4F58-87CE-9092A43DBD4A}"
EndProject
Project("{2150E333-8FDC-42A3-9474-1A3956D46DE8}") = "Transitions", "Transitions", "{E9BCB7B9-3D8C-4C5C-B6FA-0BBAC6611106}"
EndProject
Project("{FAE04EC0-301F-11D3-BF4B-00C04F79EFBC}") = "FSpot.Transitions.Cover", "src\Extensions\Transitions\FSpot.Transitions.Cover\FSpot.Transitions.Cover.csproj", "{7203A6ED-DA2E-4D56-B1AF-4C296A1C39D5}"
EndProject
Project("{2150E333-8FDC-42A3-9474-1A3956D46DE8}") = "Tools", "Tools", "{78EC5D8B-299B-4724-844D-6F3A8E8D1536}"
EndProject
Project("{2150E333-8FDC-42A3-9474-1A3956D46DE8}") = "Exporters", "Exporters", "{C9302C4A-B571-4F8E-8FFA-7B4C7DF8B3E3}"
EndProject
Project("{FAE04EC0-301F-11D3-BF4B-00C04F79EFBC}") = "FSpot.Exporters.CD", "src\Extensions\Exporters\FSpot.Exporters.CD\FSpot.Exporters.CD.csproj", "{3CBAA4AE-AC83-4043-BBB5-6EA7962EC983}"
EndProject
Project("{FAE04EC0-301F-11D3-BF4B-00C04F79EFBC}") = "FSpot.Exporters.Facebook", "src\Extensions\Exporters\FSpot.Exporters.Facebook\FSpot.Exporters.Facebook.csproj", "{7004A4E6-12A5-46F1-BB1F-578FA9B63493}"
EndProject
Project("{FAE04EC0-301F-11D3-BF4B-00C04F79EFBC}") = "FSpot.Exporters.Flickr", "src\Extensions\Exporters\FSpot.Exporters.Flickr\FSpot.Exporters.Flickr.csproj", "{13D4FF63-5D83-42D7-AE4C-56BB512D5D89}"
EndProject
Project("{FAE04EC0-301F-11D3-BF4B-00C04F79EFBC}") = "FSpot.Exporters.Folder", "src\Extensions\Exporters\FSpot.Exporters.Folder\FSpot.Exporters.Folder.csproj", "{7FBEAF56-65E5-4C07-B346-C6A0BC87B368}"
EndProject
Project("{FAE04EC0-301F-11D3-BF4B-00C04F79EFBC}") = "FSpot.Exporters.Gallery", "src\Extensions\Exporters\FSpot.Exporters.Gallery\FSpot.Exporters.Gallery.csproj", "{E55F73E0-576A-4FE2-9108-E76960820AA3}"
EndProject
Project("{FAE04EC0-301F-11D3-BF4B-00C04F79EFBC}") = "FSpot.Exporters.PicasaWeb", "src\Extensions\Exporters\FSpot.Exporters.PicasaWeb\FSpot.Exporters.PicasaWeb.csproj", "{0735C3A2-17C1-4C8B-9653-3854AFD64D6D}"
EndProject
Project("{FAE04EC0-301F-11D3-BF4B-00C04F79EFBC}") = "FSpot.Exporters.SmugMug", "src\Extensions\Exporters\FSpot.Exporters.SmugMug\FSpot.Exporters.SmugMug.csproj", "{BE981FC8-9B41-4336-815C-ECC365AE05D4}"
EndProject
Project("{FAE04EC0-301F-11D3-BF4B-00C04F79EFBC}") = "FSpot.Exporters.Zip", "src\Extensions\Exporters\FSpot.Exporters.Zip\FSpot.Exporters.Zip.csproj", "{4C9355A7-1797-4708-A1F2-FBCDB782D04D}"
EndProject
Project("{FAE04EC0-301F-11D3-BF4B-00C04F79EFBC}") = "FSpot.Exporters.Tabblo", "src\Extensions\Exporters\FSpot.Exporters.Tabblo\FSpot.Exporters.Tabblo.csproj", "{414E9813-E0A8-4BD4-8694-485F528518F5}"
EndProject
Global
	GlobalSection(SolutionConfigurationPlatforms) = preSolution
		Debug|Any CPU = Debug|Any CPU
		Submodule|Any CPU = Submodule|Any CPU
		Release|Any CPU = Release|Any CPU
	EndGlobalSection
	GlobalSection(ProjectConfigurationPlatforms) = postSolution
		{05A7FEC4-974A-40EB-AFB8-14E523EEEFFB}.Debug|Any CPU.ActiveCfg = Debug|Any CPU
		{05A7FEC4-974A-40EB-AFB8-14E523EEEFFB}.Debug|Any CPU.Build.0 = Debug|Any CPU
		{05A7FEC4-974A-40EB-AFB8-14E523EEEFFB}.Release|Any CPU.ActiveCfg = Release|Any CPU
		{05A7FEC4-974A-40EB-AFB8-14E523EEEFFB}.Release|Any CPU.Build.0 = Release|Any CPU
		{05A7FEC4-974A-40EB-AFB8-14E523EEEFFB}.Submodule|Any CPU.ActiveCfg = Debug|Any CPU
		{05A7FEC4-974A-40EB-AFB8-14E523EEEFFB}.Submodule|Any CPU.Build.0 = Debug|Any CPU
		{0735C3A2-17C1-4C8B-9653-3854AFD64D6D}.Debug|Any CPU.ActiveCfg = Debug|Any CPU
		{0735C3A2-17C1-4C8B-9653-3854AFD64D6D}.Debug|Any CPU.Build.0 = Debug|Any CPU
		{0735C3A2-17C1-4C8B-9653-3854AFD64D6D}.Release|Any CPU.ActiveCfg = Release|Any CPU
		{0735C3A2-17C1-4C8B-9653-3854AFD64D6D}.Release|Any CPU.Build.0 = Release|Any CPU
		{0735C3A2-17C1-4C8B-9653-3854AFD64D6D}.Submodule|Any CPU.ActiveCfg = Debug|Any CPU
		{0735C3A2-17C1-4C8B-9653-3854AFD64D6D}.Submodule|Any CPU.Build.0 = Debug|Any CPU
		{13D4FF63-5D83-42D7-AE4C-56BB512D5D89}.Debug|Any CPU.ActiveCfg = Debug|Any CPU
		{13D4FF63-5D83-42D7-AE4C-56BB512D5D89}.Debug|Any CPU.Build.0 = Debug|Any CPU
		{13D4FF63-5D83-42D7-AE4C-56BB512D5D89}.Release|Any CPU.ActiveCfg = Release|Any CPU
		{13D4FF63-5D83-42D7-AE4C-56BB512D5D89}.Release|Any CPU.Build.0 = Release|Any CPU
		{13D4FF63-5D83-42D7-AE4C-56BB512D5D89}.Submodule|Any CPU.ActiveCfg = Debug|Any CPU
		{13D4FF63-5D83-42D7-AE4C-56BB512D5D89}.Submodule|Any CPU.Build.0 = Debug|Any CPU
		{1F610540-D2ED-4F58-87CE-9092A43DBD4A}.Debug|Any CPU.ActiveCfg = Debug|Any CPU
		{1F610540-D2ED-4F58-87CE-9092A43DBD4A}.Debug|Any CPU.Build.0 = Debug|Any CPU
		{1F610540-D2ED-4F58-87CE-9092A43DBD4A}.Release|Any CPU.ActiveCfg = Release|Any CPU
		{1F610540-D2ED-4F58-87CE-9092A43DBD4A}.Release|Any CPU.Build.0 = Release|Any CPU
		{1F610540-D2ED-4F58-87CE-9092A43DBD4A}.Submodule|Any CPU.ActiveCfg = Debug|Any CPU
		{1F610540-D2ED-4F58-87CE-9092A43DBD4A}.Submodule|Any CPU.Build.0 = Debug|Any CPU
		{27EC05FB-0223-4B26-8157-E49AF81D0007}.Debug|Any CPU.ActiveCfg = Debug|Any CPU
		{27EC05FB-0223-4B26-8157-E49AF81D0007}.Debug|Any CPU.Build.0 = Debug|Any CPU
		{27EC05FB-0223-4B26-8157-E49AF81D0007}.Release|Any CPU.ActiveCfg = Release|Any CPU
		{27EC05FB-0223-4B26-8157-E49AF81D0007}.Release|Any CPU.Build.0 = Release|Any CPU
		{27EC05FB-0223-4B26-8157-E49AF81D0007}.Submodule|Any CPU.ActiveCfg = Debug|Any CPU
		{27EC05FB-0223-4B26-8157-E49AF81D0007}.Submodule|Any CPU.Build.0 = Debug|Any CPU
		{2D3B12F7-ABF3-4784-92FE-78A1C775E157}.Debug|Any CPU.ActiveCfg = Debug|Any CPU
		{2D3B12F7-ABF3-4784-92FE-78A1C775E157}.Debug|Any CPU.Build.0 = Debug|Any CPU
		{2D3B12F7-ABF3-4784-92FE-78A1C775E157}.Release|Any CPU.ActiveCfg = Release|Any CPU
		{2D3B12F7-ABF3-4784-92FE-78A1C775E157}.Release|Any CPU.Build.0 = Release|Any CPU
		{2D3B12F7-ABF3-4784-92FE-78A1C775E157}.Submodule|Any CPU.ActiveCfg = Debug|Any CPU
		{2D3B12F7-ABF3-4784-92FE-78A1C775E157}.Submodule|Any CPU.Build.0 = Debug|Any CPU
		{3CBAA4AE-AC83-4043-BBB5-6EA7962EC983}.Debug|Any CPU.ActiveCfg = Debug|Any CPU
		{3CBAA4AE-AC83-4043-BBB5-6EA7962EC983}.Debug|Any CPU.Build.0 = Debug|Any CPU
		{3CBAA4AE-AC83-4043-BBB5-6EA7962EC983}.Release|Any CPU.ActiveCfg = Release|Any CPU
		{3CBAA4AE-AC83-4043-BBB5-6EA7962EC983}.Release|Any CPU.Build.0 = Release|Any CPU
		{3CBAA4AE-AC83-4043-BBB5-6EA7962EC983}.Submodule|Any CPU.ActiveCfg = Debug|Any CPU
		{3CBAA4AE-AC83-4043-BBB5-6EA7962EC983}.Submodule|Any CPU.Build.0 = Debug|Any CPU
		{40C7D4EA-FB93-49FE-B18F-700A28C3E670}.Debug|Any CPU.ActiveCfg = Debug|Any CPU
		{40C7D4EA-FB93-49FE-B18F-700A28C3E670}.Debug|Any CPU.Build.0 = Debug|Any CPU
		{40C7D4EA-FB93-49FE-B18F-700A28C3E670}.Release|Any CPU.ActiveCfg = Release|Any CPU
		{40C7D4EA-FB93-49FE-B18F-700A28C3E670}.Release|Any CPU.Build.0 = Release|Any CPU
		{40C7D4EA-FB93-49FE-B18F-700A28C3E670}.Submodule|Any CPU.ActiveCfg = Debug|Any CPU
		{40C7D4EA-FB93-49FE-B18F-700A28C3E670}.Submodule|Any CPU.Build.0 = Debug|Any CPU
		{414E9813-E0A8-4BD4-8694-485F528518F5}.Debug|Any CPU.ActiveCfg = Debug|Any CPU
		{414E9813-E0A8-4BD4-8694-485F528518F5}.Debug|Any CPU.Build.0 = Debug|Any CPU
		{414E9813-E0A8-4BD4-8694-485F528518F5}.Release|Any CPU.ActiveCfg = Release|Any CPU
		{414E9813-E0A8-4BD4-8694-485F528518F5}.Release|Any CPU.Build.0 = Release|Any CPU
		{414E9813-E0A8-4BD4-8694-485F528518F5}.Submodule|Any CPU.ActiveCfg = Debug|Any CPU
		{414E9813-E0A8-4BD4-8694-485F528518F5}.Submodule|Any CPU.Build.0 = Debug|Any CPU
		{46049AF4-97E0-4EE5-A5CB-A9D0C9026B25}.Debug|Any CPU.ActiveCfg = Debug|Any CPU
		{46049AF4-97E0-4EE5-A5CB-A9D0C9026B25}.Debug|Any CPU.Build.0 = Debug|Any CPU
		{46049AF4-97E0-4EE5-A5CB-A9D0C9026B25}.Release|Any CPU.ActiveCfg = Release|Any CPU
		{46049AF4-97E0-4EE5-A5CB-A9D0C9026B25}.Release|Any CPU.Build.0 = Release|Any CPU
		{46049AF4-97E0-4EE5-A5CB-A9D0C9026B25}.Submodule|Any CPU.ActiveCfg = Debug|Any CPU
		{46049AF4-97E0-4EE5-A5CB-A9D0C9026B25}.Submodule|Any CPU.Build.0 = Debug|Any CPU
		{4C9355A7-1797-4708-A1F2-FBCDB782D04D}.Debug|Any CPU.ActiveCfg = Debug|Any CPU
		{4C9355A7-1797-4708-A1F2-FBCDB782D04D}.Debug|Any CPU.Build.0 = Debug|Any CPU
		{4C9355A7-1797-4708-A1F2-FBCDB782D04D}.Release|Any CPU.ActiveCfg = Release|Any CPU
		{4C9355A7-1797-4708-A1F2-FBCDB782D04D}.Release|Any CPU.Build.0 = Release|Any CPU
		{4C9355A7-1797-4708-A1F2-FBCDB782D04D}.Submodule|Any CPU.ActiveCfg = Debug|Any CPU
		{4C9355A7-1797-4708-A1F2-FBCDB782D04D}.Submodule|Any CPU.Build.0 = Debug|Any CPU
		{53DAC12F-0421-4F5E-A746-17A701D2BDDA}.Debug|Any CPU.ActiveCfg = Debug|Any CPU
		{53DAC12F-0421-4F5E-A746-17A701D2BDDA}.Debug|Any CPU.Build.0 = Debug|Any CPU
		{53DAC12F-0421-4F5E-A746-17A701D2BDDA}.Release|Any CPU.ActiveCfg = Release|Any CPU
		{53DAC12F-0421-4F5E-A746-17A701D2BDDA}.Release|Any CPU.Build.0 = Release|Any CPU
		{53DAC12F-0421-4F5E-A746-17A701D2BDDA}.Submodule|Any CPU.ActiveCfg = Debug|Any CPU
		{53DAC12F-0421-4F5E-A746-17A701D2BDDA}.Submodule|Any CPU.Build.0 = Debug|Any CPU
		{57EDC3BC-E777-4400-B4E7-32A5D8F15A76}.Debug|Any CPU.ActiveCfg = Debug|Any CPU
		{57EDC3BC-E777-4400-B4E7-32A5D8F15A76}.Debug|Any CPU.Build.0 = Debug|Any CPU
		{61DAD6B1-E866-485B-819E-A9E86B793F5E}.Debug|Any CPU.ActiveCfg = Debug|Any CPU
		{61DAD6B1-E866-485B-819E-A9E86B793F5E}.Debug|Any CPU.Build.0 = Debug|Any CPU
		{61DAD6B1-E866-485B-819E-A9E86B793F5E}.Release|Any CPU.ActiveCfg = Release|Any CPU
		{61DAD6B1-E866-485B-819E-A9E86B793F5E}.Release|Any CPU.Build.0 = Release|Any CPU
		{61DAD6B1-E866-485B-819E-A9E86B793F5E}.Submodule|Any CPU.ActiveCfg = Debug|Any CPU
		{61DAD6B1-E866-485B-819E-A9E86B793F5E}.Submodule|Any CPU.Build.0 = Debug|Any CPU
		{7004A4E6-12A5-46F1-BB1F-578FA9B63493}.Debug|Any CPU.ActiveCfg = Debug|Any CPU
		{7004A4E6-12A5-46F1-BB1F-578FA9B63493}.Debug|Any CPU.Build.0 = Debug|Any CPU
		{7004A4E6-12A5-46F1-BB1F-578FA9B63493}.Release|Any CPU.ActiveCfg = Release|Any CPU
		{7004A4E6-12A5-46F1-BB1F-578FA9B63493}.Release|Any CPU.Build.0 = Release|Any CPU
		{7004A4E6-12A5-46F1-BB1F-578FA9B63493}.Submodule|Any CPU.ActiveCfg = Debug|Any CPU
		{7004A4E6-12A5-46F1-BB1F-578FA9B63493}.Submodule|Any CPU.Build.0 = Debug|Any CPU
		{7011154B-87B0-4C54-98DD-B5FF1E60B75F}.Debug|Any CPU.ActiveCfg = Debug|Any CPU
		{7011154B-87B0-4C54-98DD-B5FF1E60B75F}.Debug|Any CPU.Build.0 = Debug|Any CPU
		{7011154B-87B0-4C54-98DD-B5FF1E60B75F}.Release|Any CPU.ActiveCfg = Release|Any CPU
		{7011154B-87B0-4C54-98DD-B5FF1E60B75F}.Release|Any CPU.Build.0 = Release|Any CPU
		{7011154B-87B0-4C54-98DD-B5FF1E60B75F}.Submodule|Any CPU.ActiveCfg = Debug|Any CPU
		{7011154B-87B0-4C54-98DD-B5FF1E60B75F}.Submodule|Any CPU.Build.0 = Debug|Any CPU
		{7203A6ED-DA2E-4D56-B1AF-4C296A1C39D5}.Debug|Any CPU.ActiveCfg = Debug|Any CPU
		{7203A6ED-DA2E-4D56-B1AF-4C296A1C39D5}.Debug|Any CPU.Build.0 = Debug|Any CPU
		{7203A6ED-DA2E-4D56-B1AF-4C296A1C39D5}.Release|Any CPU.ActiveCfg = Release|Any CPU
		{7203A6ED-DA2E-4D56-B1AF-4C296A1C39D5}.Release|Any CPU.Build.0 = Release|Any CPU
		{7203A6ED-DA2E-4D56-B1AF-4C296A1C39D5}.Submodule|Any CPU.ActiveCfg = Debug|Any CPU
		{7203A6ED-DA2E-4D56-B1AF-4C296A1C39D5}.Submodule|Any CPU.Build.0 = Debug|Any CPU
		{7281334F-0B1D-4383-9EA2-6740D56ADCDE}.Debug|Any CPU.ActiveCfg = Debug|Any CPU
		{7281334F-0B1D-4383-9EA2-6740D56ADCDE}.Debug|Any CPU.Build.0 = Debug|Any CPU
		{7281334F-0B1D-4383-9EA2-6740D56ADCDE}.Release|Any CPU.ActiveCfg = Release|Any CPU
		{7281334F-0B1D-4383-9EA2-6740D56ADCDE}.Release|Any CPU.Build.0 = Release|Any CPU
		{7281334F-0B1D-4383-9EA2-6740D56ADCDE}.Submodule|Any CPU.ActiveCfg = Debug|Any CPU
		{7281334F-0B1D-4383-9EA2-6740D56ADCDE}.Submodule|Any CPU.Build.0 = Debug|Any CPU
		{7FBEAF56-65E5-4C07-B346-C6A0BC87B368}.Debug|Any CPU.ActiveCfg = Debug|Any CPU
		{7FBEAF56-65E5-4C07-B346-C6A0BC87B368}.Debug|Any CPU.Build.0 = Debug|Any CPU
		{7FBEAF56-65E5-4C07-B346-C6A0BC87B368}.Release|Any CPU.ActiveCfg = Release|Any CPU
		{7FBEAF56-65E5-4C07-B346-C6A0BC87B368}.Release|Any CPU.Build.0 = Release|Any CPU
		{7FBEAF56-65E5-4C07-B346-C6A0BC87B368}.Submodule|Any CPU.ActiveCfg = Debug|Any CPU
		{7FBEAF56-65E5-4C07-B346-C6A0BC87B368}.Submodule|Any CPU.Build.0 = Debug|Any CPU
		{8EB3933F-A089-43A3-B662-617DC71A2173}.Debug|Any CPU.ActiveCfg = Debug|Any CPU
		{8EB3933F-A089-43A3-B662-617DC71A2173}.Debug|Any CPU.Build.0 = Debug|Any CPU
		{8EB3933F-A089-43A3-B662-617DC71A2173}.Release|Any CPU.ActiveCfg = Release|Any CPU
		{8EB3933F-A089-43A3-B662-617DC71A2173}.Release|Any CPU.Build.0 = Release|Any CPU
		{8EB3933F-A089-43A3-B662-617DC71A2173}.Submodule|Any CPU.ActiveCfg = Debug|Any CPU
		{8EB3933F-A089-43A3-B662-617DC71A2173}.Submodule|Any CPU.Build.0 = Debug|Any CPU
		{903D6440-A981-4B29-8825-7EB820684925}.Debug|Any CPU.ActiveCfg = Debug|Any CPU
		{903D6440-A981-4B29-8825-7EB820684925}.Debug|Any CPU.Build.0 = Debug|Any CPU
		{903D6440-A981-4B29-8825-7EB820684925}.Release|Any CPU.ActiveCfg = Release|Any CPU
		{903D6440-A981-4B29-8825-7EB820684925}.Release|Any CPU.Build.0 = Release|Any CPU
		{903D6440-A981-4B29-8825-7EB820684925}.Submodule|Any CPU.ActiveCfg = Debug|Any CPU
		{903D6440-A981-4B29-8825-7EB820684925}.Submodule|Any CPU.Build.0 = Debug|Any CPU
		{95374549-9553-4C1E-9D89-667755F90E12}.Debug|Any CPU.ActiveCfg = Debug|Any CPU
		{95374549-9553-4C1E-9D89-667755F90E12}.Debug|Any CPU.Build.0 = Debug|Any CPU
		{95374549-9553-4C1E-9D89-667755F90E12}.Release|Any CPU.ActiveCfg = Debug|Any CPU
		{95374549-9553-4C1E-9D89-667755F90E12}.Release|Any CPU.Build.0 = Debug|Any CPU
		{95374549-9553-4C1E-9D89-667755F90E12}.Submodule|Any CPU.ActiveCfg = Submodule|Any CPU
		{95374549-9553-4C1E-9D89-667755F90E12}.Submodule|Any CPU.Build.0 = Submodule|Any CPU
		{95374549-9553-4C1E-9D89-667755F90E13}.Debug|Any CPU.ActiveCfg = Debug|Any CPU
		{95374549-9553-4C1E-9D89-667755F90E13}.Debug|Any CPU.Build.0 = Debug|Any CPU
		{95374549-9553-4C1E-9D89-667755F90E13}.Release|Any CPU.ActiveCfg = Debug|Any CPU
		{95374549-9553-4C1E-9D89-667755F90E13}.Release|Any CPU.Build.0 = Debug|Any CPU
		{95374549-9553-4C1E-9D89-667755F90E13}.Submodule|Any CPU.ActiveCfg = Submodule|Any CPU
		{95374549-9553-4C1E-9D89-667755F90E13}.Submodule|Any CPU.Build.0 = Submodule|Any CPU
		{9D66BC1B-4390-4B8D-8468-19D5A862EC23}.Debug|Any CPU.ActiveCfg = Debug|Any CPU
		{9D66BC1B-4390-4B8D-8468-19D5A862EC23}.Debug|Any CPU.Build.0 = Debug|Any CPU
		{9D66BC1B-4390-4B8D-8468-19D5A862EC23}.Release|Any CPU.ActiveCfg = Release|Any CPU
		{9D66BC1B-4390-4B8D-8468-19D5A862EC23}.Release|Any CPU.Build.0 = Release|Any CPU
		{9D66BC1B-4390-4B8D-8468-19D5A862EC23}.Submodule|Any CPU.ActiveCfg = Debug|Any CPU
		{9D66BC1B-4390-4B8D-8468-19D5A862EC23}.Submodule|Any CPU.Build.0 = Debug|Any CPU
		{B5CDF05C-278A-40AA-A587-B27A00BD9135}.Debug|Any CPU.ActiveCfg = Debug|Any CPU
		{B5CDF05C-278A-40AA-A587-B27A00BD9135}.Debug|Any CPU.Build.0 = Debug|Any CPU
		{B5CDF05C-278A-40AA-A587-B27A00BD9135}.Release|Any CPU.ActiveCfg = Release|Any CPU
		{B5CDF05C-278A-40AA-A587-B27A00BD9135}.Release|Any CPU.Build.0 = Release|Any CPU
		{B5CDF05C-278A-40AA-A587-B27A00BD9135}.Submodule|Any CPU.ActiveCfg = Debug|Any CPU
		{B5CDF05C-278A-40AA-A587-B27A00BD9135}.Submodule|Any CPU.Build.0 = Debug|Any CPU
		{BB1D1D81-7A74-4183-B7B1-3E78B32D42F1}.Debug|Any CPU.ActiveCfg = Debug|Any CPU
		{BB1D1D81-7A74-4183-B7B1-3E78B32D42F1}.Debug|Any CPU.Build.0 = Debug|Any CPU
		{BB1D1D81-7A74-4183-B7B1-3E78B32D42F1}.Release|Any CPU.ActiveCfg = Debug|Any CPU
		{BB1D1D81-7A74-4183-B7B1-3E78B32D42F1}.Release|Any CPU.Build.0 = Debug|Any CPU
		{BB1D1D81-7A74-4183-B7B1-3E78B32D42F1}.Submodule|Any CPU.ActiveCfg = Submodule|Any CPU
		{BB1D1D81-7A74-4183-B7B1-3E78B32D42F1}.Submodule|Any CPU.Build.0 = Submodule|Any CPU
		{BE981FC8-9B41-4336-815C-ECC365AE05D4}.Debug|Any CPU.ActiveCfg = Debug|Any CPU
		{BE981FC8-9B41-4336-815C-ECC365AE05D4}.Debug|Any CPU.Build.0 = Debug|Any CPU
		{BE981FC8-9B41-4336-815C-ECC365AE05D4}.Release|Any CPU.ActiveCfg = Release|Any CPU
		{BE981FC8-9B41-4336-815C-ECC365AE05D4}.Release|Any CPU.Build.0 = Release|Any CPU
		{BE981FC8-9B41-4336-815C-ECC365AE05D4}.Submodule|Any CPU.ActiveCfg = Debug|Any CPU
		{BE981FC8-9B41-4336-815C-ECC365AE05D4}.Submodule|Any CPU.Build.0 = Debug|Any CPU
		{C856EFD8-E812-4E61-8B76-E3583D94C233}.Debug|Any CPU.ActiveCfg = Debug|Any CPU
		{C856EFD8-E812-4E61-8B76-E3583D94C233}.Debug|Any CPU.Build.0 = Debug|Any CPU
		{C856EFD8-E812-4E61-8B76-E3583D94C233}.Release|Any CPU.ActiveCfg = Debug|Any CPU
		{C856EFD8-E812-4E61-8B76-E3583D94C233}.Release|Any CPU.Build.0 = Debug|Any CPU
		{C856EFD8-E812-4E61-8B76-E3583D94C233}.Submodule|Any CPU.ActiveCfg = Submodule|Any CPU
		{C856EFD8-E812-4E61-8B76-E3583D94C233}.Submodule|Any CPU.Build.0 = Submodule|Any CPU
		{CE160879-1BF0-4711-A18F-FDA2772900FA}.Debug|Any CPU.ActiveCfg = Debug|Any CPU
		{CE160879-1BF0-4711-A18F-FDA2772900FA}.Debug|Any CPU.Build.0 = Debug|Any CPU
		{CE160879-1BF0-4711-A18F-FDA2772900FA}.Release|Any CPU.ActiveCfg = Release|Any CPU
		{CE160879-1BF0-4711-A18F-FDA2772900FA}.Release|Any CPU.Build.0 = Release|Any CPU
		{CE160879-1BF0-4711-A18F-FDA2772900FA}.Submodule|Any CPU.ActiveCfg = Debug|Any CPU
		{CE160879-1BF0-4711-A18F-FDA2772900FA}.Submodule|Any CPU.Build.0 = Debug|Any CPU
		{D4E4D07E-D323-4CAE-BE04-8EE8EDF7F07E}.Debug|Any CPU.ActiveCfg = Debug|Any CPU
		{D4E4D07E-D323-4CAE-BE04-8EE8EDF7F07E}.Debug|Any CPU.Build.0 = Debug|Any CPU
		{D4E4D07E-D323-4CAE-BE04-8EE8EDF7F07E}.Release|Any CPU.ActiveCfg = Release|Any CPU
		{D4E4D07E-D323-4CAE-BE04-8EE8EDF7F07E}.Release|Any CPU.Build.0 = Release|Any CPU
		{D4E4D07E-D323-4CAE-BE04-8EE8EDF7F07E}.Submodule|Any CPU.ActiveCfg = Debug|Any CPU
		{D4E4D07E-D323-4CAE-BE04-8EE8EDF7F07E}.Submodule|Any CPU.Build.0 = Debug|Any CPU
		{E55F73E0-576A-4FE2-9108-E76960820AA3}.Debug|Any CPU.ActiveCfg = Debug|Any CPU
		{E55F73E0-576A-4FE2-9108-E76960820AA3}.Debug|Any CPU.Build.0 = Debug|Any CPU
		{E55F73E0-576A-4FE2-9108-E76960820AA3}.Release|Any CPU.ActiveCfg = Release|Any CPU
		{E55F73E0-576A-4FE2-9108-E76960820AA3}.Release|Any CPU.Build.0 = Release|Any CPU
		{E55F73E0-576A-4FE2-9108-E76960820AA3}.Submodule|Any CPU.ActiveCfg = Debug|Any CPU
		{E55F73E0-576A-4FE2-9108-E76960820AA3}.Submodule|Any CPU.Build.0 = Debug|Any CPU
		{FFC3D9B1-B19A-44D8-8AA2-96DDE911320E}.Debug|Any CPU.ActiveCfg = Debug|Any CPU
		{FFC3D9B1-B19A-44D8-8AA2-96DDE911320E}.Debug|Any CPU.Build.0 = Debug|Any CPU
		{FFC3D9B1-B19A-44D8-8AA2-96DDE911320E}.Release|Any CPU.ActiveCfg = Release|Any CPU
		{FFC3D9B1-B19A-44D8-8AA2-96DDE911320E}.Release|Any CPU.Build.0 = Release|Any CPU
		{FFC3D9B1-B19A-44D8-8AA2-96DDE911320E}.Submodule|Any CPU.ActiveCfg = Debug|Any CPU
		{FFC3D9B1-B19A-44D8-8AA2-96DDE911320E}.Submodule|Any CPU.Build.0 = Debug|Any CPU
	EndGlobalSection
	GlobalSection(NestedProjects) = preSolution
		{7281334F-0B1D-4383-9EA2-6740D56ADCDE} = {6DC9A109-EC89-4221-B8CD-9E88B589DBC1}
		{9D66BC1B-4390-4B8D-8468-19D5A862EC23} = {6DC9A109-EC89-4221-B8CD-9E88B589DBC1}
		{46049AF4-97E0-4EE5-A5CB-A9D0C9026B25} = {6DC9A109-EC89-4221-B8CD-9E88B589DBC1}
		{57EDC3BC-E777-4400-B4E7-32A5D8F15A76} = {6DC9A109-EC89-4221-B8CD-9E88B589DBC1}
		{2D3B12F7-ABF3-4784-92FE-78A1C775E157} = {6DC9A109-EC89-4221-B8CD-9E88B589DBC1}
		{D4E4D07E-D323-4CAE-BE04-8EE8EDF7F07E} = {6DC9A109-EC89-4221-B8CD-9E88B589DBC1}
		{CE160879-1BF0-4711-A18F-FDA2772900FA} = {6DC9A109-EC89-4221-B8CD-9E88B589DBC1}
		{05A7FEC4-974A-40EB-AFB8-14E523EEEFFB} = {6DC9A109-EC89-4221-B8CD-9E88B589DBC1}
		{95374549-9553-4C1E-9D89-667755F90E12} = {6369E0D4-0A68-4D4E-A6A0-EF2EA793002F}
		{95374549-9553-4C1E-9D89-667755F90E13} = {6369E0D4-0A68-4D4E-A6A0-EF2EA793002F}
		{BB1D1D81-7A74-4183-B7B1-3E78B32D42F1} = {6369E0D4-0A68-4D4E-A6A0-EF2EA793002F}
		{903D6440-A981-4B29-8825-7EB820684925} = {6369E0D4-0A68-4D4E-A6A0-EF2EA793002F}
		{C856EFD8-E812-4E61-8B76-E3583D94C233} = {6369E0D4-0A68-4D4E-A6A0-EF2EA793002F}
		{40C7D4EA-FB93-49FE-B18F-700A28C3E670} = {6369E0D4-0A68-4D4E-A6A0-EF2EA793002F}
		{FFC3D9B1-B19A-44D8-8AA2-96DDE911320E} = {6369E0D4-0A68-4D4E-A6A0-EF2EA793002F}
		{B5CDF05C-278A-40AA-A587-B27A00BD9135} = {6369E0D4-0A68-4D4E-A6A0-EF2EA793002F}
		{27EC05FB-0223-4B26-8157-E49AF81D0007} = {9D75644A-DEF1-4362-8553-4B5F09783DC9}
		{416E19A2-9CD9-498F-BE75-20AB74535ACD} = {7D049DAA-F1B0-4697-9BCA-91FC0E1A2B9D}
		{E9BCB7B9-3D8C-4C5C-B6FA-0BBAC6611106} = {7D049DAA-F1B0-4697-9BCA-91FC0E1A2B9D}
		{78EC5D8B-299B-4724-844D-6F3A8E8D1536} = {7D049DAA-F1B0-4697-9BCA-91FC0E1A2B9D}
		{C9302C4A-B571-4F8E-8FFA-7B4C7DF8B3E3} = {7D049DAA-F1B0-4697-9BCA-91FC0E1A2B9D}
		{7011154B-87B0-4C54-98DD-B5FF1E60B75F} = {416E19A2-9CD9-498F-BE75-20AB74535ACD}
		{61DAD6B1-E866-485B-819E-A9E86B793F5E} = {416E19A2-9CD9-498F-BE75-20AB74535ACD}
		{53DAC12F-0421-4F5E-A746-17A701D2BDDA} = {416E19A2-9CD9-498F-BE75-20AB74535ACD}
		{8EB3933F-A089-43A3-B662-617DC71A2173} = {416E19A2-9CD9-498F-BE75-20AB74535ACD}
		{1F610540-D2ED-4F58-87CE-9092A43DBD4A} = {416E19A2-9CD9-498F-BE75-20AB74535ACD}
		{7203A6ED-DA2E-4D56-B1AF-4C296A1C39D5} = {E9BCB7B9-3D8C-4C5C-B6FA-0BBAC6611106}
		{3CBAA4AE-AC83-4043-BBB5-6EA7962EC983} = {C9302C4A-B571-4F8E-8FFA-7B4C7DF8B3E3}
		{7004A4E6-12A5-46F1-BB1F-578FA9B63493} = {C9302C4A-B571-4F8E-8FFA-7B4C7DF8B3E3}
		{13D4FF63-5D83-42D7-AE4C-56BB512D5D89} = {C9302C4A-B571-4F8E-8FFA-7B4C7DF8B3E3}
		{7FBEAF56-65E5-4C07-B346-C6A0BC87B368} = {C9302C4A-B571-4F8E-8FFA-7B4C7DF8B3E3}
		{E55F73E0-576A-4FE2-9108-E76960820AA3} = {C9302C4A-B571-4F8E-8FFA-7B4C7DF8B3E3}
		{0735C3A2-17C1-4C8B-9653-3854AFD64D6D} = {C9302C4A-B571-4F8E-8FFA-7B4C7DF8B3E3}
		{BE981FC8-9B41-4336-815C-ECC365AE05D4} = {C9302C4A-B571-4F8E-8FFA-7B4C7DF8B3E3}
		{4C9355A7-1797-4708-A1F2-FBCDB782D04D} = {C9302C4A-B571-4F8E-8FFA-7B4C7DF8B3E3}
		{414E9813-E0A8-4BD4-8694-485F528518F5} = {C9302C4A-B571-4F8E-8FFA-7B4C7DF8B3E3}
	EndGlobalSection
	GlobalSection(MonoDevelopProperties) = preSolution
		StartupItem = src\Clients\MainApp\MainApp.csproj
		Policies = $0
		$0.DotNetNamingPolicy = $1
		$1.DirectoryNamespaceAssociation = Flat
		$1.ResourceNamePolicy = FileName
		$0.TextStylePolicy = $2
		$2.FileWidth = 120
		$2.RemoveTrailingWhitespace = True
		$2.inheritsSet = VisualStudio
		$2.inheritsScope = text/plain
		$2.scope = text/x-csharp
		$0.CSharpFormattingPolicy = $3
		$3.IfElseBraceForcement = AddBraces
		$3.ForBraceForcement = AddBraces
		$3.ForEachBraceForcement = AddBraces
		$3.WhileBraceForcement = AddBraces
		$3.UsingBraceForcement = AddBraces
		$3.FixedBraceForcement = AddBraces
		$3.inheritsSet = Mono
		$3.inheritsScope = text/x-csharp
		$3.scope = text/x-csharp
		$0.TextStylePolicy = $4
		$4.inheritsSet = VisualStudio
		$4.inheritsScope = text/plain
		$4.scope = text/plain
		$0.VersionControlPolicy = $5
		$5.inheritsSet = Mono
		$0.ChangeLogPolicy = $6
		$6.UpdateMode = None
		$6.MessageStyle = $7
		$7.LineAlign = 0
		$6.inheritsSet = Mono
		version = 0.7.2
		outputpath = .
	EndGlobalSection
EndGlobal
