
Microsoft Visual Studio Solution File, Format Version 12.00
# Visual Studio Version 16
VisualStudioVersion = 16.0.29319.158
MinimumVisualStudioVersion = 10.0.40219.1
Project("{2150E333-8FDC-42A3-9474-1A3956D46DE8}") = "Libraries", "Libraries", "{6369E0D4-0A68-4D4E-A6A0-EF2EA793002F}"
EndProject
Project("{2150E333-8FDC-42A3-9474-1A3956D46DE8}") = "Extensions", "Extensions", "{7D049DAA-F1B0-4697-9BCA-91FC0E1A2B9D}"
EndProject
Project("{2150E333-8FDC-42A3-9474-1A3956D46DE8}") = "Editors", "Editors", "{416E19A2-9CD9-498F-BE75-20AB74535ACD}"
EndProject
Project("{2150E333-8FDC-42A3-9474-1A3956D46DE8}") = "Transitions", "Transitions", "{E9BCB7B9-3D8C-4C5C-B6FA-0BBAC6611106}"
EndProject
Project("{2150E333-8FDC-42A3-9474-1A3956D46DE8}") = "Tools", "Tools", "{78EC5D8B-299B-4724-844D-6F3A8E8D1536}"
EndProject
Project("{2150E333-8FDC-42A3-9474-1A3956D46DE8}") = "Exporters", "Exporters", "{C9302C4A-B571-4F8E-8FFA-7B4C7DF8B3E3}"
EndProject
Project("{FAE04EC0-301F-11D3-BF4B-00C04F79EFBC}") = "FSpot.Exporters.Flickr", "src\Extensions\Exporters\FSpot.Exporters.Flickr\FSpot.Exporters.Flickr.csproj", "{13D4FF63-5D83-42D7-AE4C-56BB512D5D89}"
EndProject
Project("{2150E333-8FDC-42A3-9474-1A3956D46DE8}") = "External", "External", "{A6C38ABC-9B2B-4693-A16C-0741E5561B32}"
EndProject
Project("{FAE04EC0-301F-11D3-BF4B-00C04F79EFBC}") = "Mono.Addins", "external\mono-addins\Mono.Addins\Mono.Addins.csproj", "{91DD5A2D-9FE3-4C3C-9253-876141874DAD}"
EndProject
Project("{FAE04EC0-301F-11D3-BF4B-00C04F79EFBC}") = "Mono.Addins.Setup", "external\mono-addins\Mono.Addins.Setup\Mono.Addins.Setup.csproj", "{A85C9721-C054-4BD8-A1F3-0227615F0A36}"
EndProject
Project("{FAE04EC0-301F-11D3-BF4B-00C04F79EFBC}") = "Mono.Addins.Gui", "external\mono-addins\Mono.Addins.Gui\Mono.Addins.Gui.csproj", "{FEC19BDA-4904-4005-8C09-68E82E8BEF6A}"
EndProject
Project("{FAE04EC0-301F-11D3-BF4B-00C04F79EFBC}") = "FSpot", "src\FSpot\FSpot.csproj", "{A77D4137-8360-4CDD-826A-F7C2896413B1}"
EndProject
Project("{2150E333-8FDC-42A3-9474-1A3956D46DE8}") = "Solution Items", "Solution Items", "{DCF2C5EC-5E45-4CD7-ACBF-16D04DA25915}"
	ProjectSection(SolutionItems) = preProject
		.editorconfig = .editorconfig
		.travis.yml = .travis.yml
		Directory.Build.props = Directory.Build.props
		Directory.Build.targets = Directory.Build.targets
	EndProjectSection
EndProject
Project("{2150E333-8FDC-42A3-9474-1A3956D46DE8}") = "Tests", "Tests", "{EC6E58F1-83AD-44FB-A852-E9A3EBFA78E8}"
EndProject
Project("{FAE04EC0-301F-11D3-BF4B-00C04F79EFBC}") = "FSpot.Tests", "tests\FSpot.Tests\FSpot.Tests.csproj", "{626CF9BA-9CE7-4DFC-9BDE-19277A076ADE}"
EndProject
Project("{FAE04EC0-301F-11D3-BF4B-00C04F79EFBC}") = "FSpot.Gtk.UnitTest", "tests\FSpot.Gtk.UnitTest\FSpot.Gtk.UnitTest.csproj", "{CC95E604-4E2E-438F-9AF2-E048DF439443}"
EndProject
Project("{FAE04EC0-301F-11D3-BF4B-00C04F79EFBC}") = "Mono.Google", "lib\Mono.Google\Mono.Google.csproj", "{5BC64C21-23F9-4344-9B31-99B85F73C2CF}"
EndProject
Project("{FAE04EC0-301F-11D3-BF4B-00C04F79EFBC}") = "SmugMugNet", "lib\SmugMugNet\SmugMugNet.csproj", "{9A47356C-C134-47B2-AECC-4BA4565ACF77}"
EndProject
Project("{FAE04EC0-301F-11D3-BF4B-00C04F79EFBC}") = "unique-sharp", "lib\unique-sharp\unique-sharp.csproj", "{9E1EF91A-2ED1-4577-AA43-B9E019AC48E4}"
EndProject
Project("{FAE04EC0-301F-11D3-BF4B-00C04F79EFBC}") = "Hyena.Gui", "lib\Hyena\Hyena.Gui\Hyena.Gui.csproj", "{5AFD8D29-9D85-4D46-85C6-3195FF076A8A}"
EndProject
Project("{FAE04EC0-301F-11D3-BF4B-00C04F79EFBC}") = "Hyena", "lib\Hyena\Hyena\Hyena.csproj", "{CCCE7DF1-2D46-4D40-9E9D-B4AF75CC3B32}"
EndProject
Project("{FAE04EC0-301F-11D3-BF4B-00C04F79EFBC}") = "Hyena.Data.Sqlite", "lib\Hyena\Hyena.Data.Sqlite\Hyena.Data.Sqlite.csproj", "{FE98C712-BD8A-47EF-998D-75FA79D2FDF3}"
EndProject
Project("{FAE04EC0-301F-11D3-BF4B-00C04F79EFBC}") = "gio-sharp", "lib\gio-sharp\gio-sharp.csproj", "{70AF3917-E167-4008-A859-D681AC693C74}"
EndProject
Project("{FAE04EC0-301F-11D3-BF4B-00C04F79EFBC}") = "gtk-sharp-beans", "lib\gtk-sharp-beans\gtk-sharp-beans.csproj", "{F8DC66C1-A150-472E-8542-A6A1DF43FA32}"
EndProject
Project("{FAE04EC0-301F-11D3-BF4B-00C04F79EFBC}") = "FSpot.Editors.Blackout", "src\Extensions\Editors\FSpot.Editors.Blackout\FSpot.Editors.Blackout.csproj", "{1E3AB6AD-5AB8-4030-A51E-A4A9A05D1614}"
EndProject
Project("{FAE04EC0-301F-11D3-BF4B-00C04F79EFBC}") = "FSpot.Editors.BW", "src\Extensions\Editors\FSpot.Editors.BW\FSpot.Editors.BW.csproj", "{F7461C03-636D-4C75-8D09-1D425C1257B6}"
EndProject
Project("{FAE04EC0-301F-11D3-BF4B-00C04F79EFBC}") = "FSpot.Editors.Flip", "src\Extensions\Editors\FSpot.Editors.Flip\FSpot.Editors.Flip.csproj", "{1F84E40F-192F-4864-A6AF-8E5018AC0652}"
EndProject
Project("{FAE04EC0-301F-11D3-BF4B-00C04F79EFBC}") = "FSpot.Editors.Pixelate", "src\Extensions\Editors\FSpot.Editors.Pixelate\FSpot.Editors.Pixelate.csproj", "{73CC9B46-0189-4D87-AF89-F97C627FC9CF}"
EndProject
Project("{FAE04EC0-301F-11D3-BF4B-00C04F79EFBC}") = "FSpot.Editors.Resize", "src\Extensions\Editors\FSpot.Editors.Resize\FSpot.Editors.Resize.csproj", "{0639DC6B-FF24-49E1-AD1B-CA84D1A9492A}"
EndProject
Project("{FAE04EC0-301F-11D3-BF4B-00C04F79EFBC}") = "FSpot.Transitions.Cover", "src\Extensions\Transitions\FSpot.Transitions.Cover\FSpot.Transitions.Cover.csproj", "{D87A3251-3E27-4D65-A7DF-0A01CF868220}"
EndProject
Project("{FAE04EC0-301F-11D3-BF4B-00C04F79EFBC}") = "FSpot.Transitions.Dissolve", "src\Extensions\Transitions\FSpot.Transitions.Dissolve\FSpot.Transitions.Dissolve.csproj", "{D3A93499-AFBF-4A00-AD93-5C9CCE515428}"
EndProject
Project("{FAE04EC0-301F-11D3-BF4B-00C04F79EFBC}") = "FSpot.Transitions.Push", "src\Extensions\Transitions\FSpot.Transitions.Push\FSpot.Transitions.Push.csproj", "{BEC61340-E75A-4440-B01E-7872DAFF54E1}"
EndProject
Project("{FAE04EC0-301F-11D3-BF4B-00C04F79EFBC}") = "FSpot.Tools.ChangePhotoPath", "src\Extensions\Tools\FSpot.Tools.ChangePhotoPath\FSpot.Tools.ChangePhotoPath.csproj", "{A4F9EEC6-C83A-4F48-960E-7FE9FB89ACE1}"
EndProject
Project("{FAE04EC0-301F-11D3-BF4B-00C04F79EFBC}") = "FSpot.Tools.DevelopInUFRaw", "src\Extensions\Tools\FSpot.Tools.DevelopInUFraw\FSpot.Tools.DevelopInUFRaw.csproj", "{9CA0189F-B66F-4EA3-9DE3-AE8E3F365B8D}"
EndProject
Project("{FAE04EC0-301F-11D3-BF4B-00C04F79EFBC}") = "FSpot.Tools.LiveWebGallery", "src\Extensions\Tools\FSpot.Tools.LiveWebGallery\FSpot.Tools.LiveWebGallery.csproj", "{E6610A4D-85E4-4189-875C-0EA5A8D77D6F}"
EndProject
Project("{FAE04EC0-301F-11D3-BF4B-00C04F79EFBC}") = "FSpot.Tools.MergeDb", "src\Extensions\Tools\FSpot.Tools.MergeDb\FSpot.Tools.MergeDb.csproj", "{36710F27-CC05-4B18-BB7A-E0638008EE9F}"
EndProject
Project("{FAE04EC0-301F-11D3-BF4B-00C04F79EFBC}") = "FSpot.Tools.RawPlusJpeg", "src\Extensions\Tools\FSpot.Tools.RawPlusJpeg\FSpot.Tools.RawPlusJpeg.csproj", "{ABA669B8-468D-4190-B991-61DBD57B09CC}"
EndProject
Project("{FAE04EC0-301F-11D3-BF4B-00C04F79EFBC}") = "FSpot.Tools.RetroactiveRoll", "src\Extensions\Tools\FSpot.Tools.RetroactiveRoll\FSpot.Tools.RetroactiveRoll.csproj", "{25F7136F-62D7-4FC1-BB20-BD4FD426EC3F}"
EndProject
Project("{FAE04EC0-301F-11D3-BF4B-00C04F79EFBC}") = "FSpot.Tools.ScreensaverConfig", "src\Extensions\Tools\FSpot.Tools.ScreensaverConfig\FSpot.Tools.ScreensaverConfig.csproj", "{989F15A4-70C3-4683-B23F-52F9A4C036E2}"
EndProject
Project("{FAE04EC0-301F-11D3-BF4B-00C04F79EFBC}") = "FSpot.Exporters.CD", "src\Extensions\Exporters\FSpot.Exporters.CD\FSpot.Exporters.CD.csproj", "{BEFBA87D-7AC2-4E7D-BD81-030BE237A71F}"
EndProject
Project("{FAE04EC0-301F-11D3-BF4B-00C04F79EFBC}") = "FSpot.Exporters.Facebook", "src\Extensions\Exporters\FSpot.Exporters.Facebook\FSpot.Exporters.Facebook.csproj", "{D854C369-247F-4AE6-BE00-19CC7BB8CA0E}"
EndProject
Project("{FAE04EC0-301F-11D3-BF4B-00C04F79EFBC}") = "FSpot.Exporters.Folder", "src\Extensions\Exporters\FSpot.Exporters.Folder\FSpot.Exporters.Folder.csproj", "{0003E2ED-CDD8-44E7-838F-4D8A58003BBF}"
EndProject
Project("{FAE04EC0-301F-11D3-BF4B-00C04F79EFBC}") = "FSpot.Exporters.Gallery", "src\Extensions\Exporters\FSpot.Exporters.Gallery\FSpot.Exporters.Gallery.csproj", "{C67C424D-8ACF-4DF5-8016-61BC173AC3D2}"
EndProject
Project("{FAE04EC0-301F-11D3-BF4B-00C04F79EFBC}") = "FSpot.Exporters.PicasaWeb", "src\Extensions\Exporters\FSpot.Exporters.PicasaWeb\FSpot.Exporters.PicasaWeb.csproj", "{F4F80542-4EE6-4E81-9DE7-0D418E08761C}"
EndProject
Project("{FAE04EC0-301F-11D3-BF4B-00C04F79EFBC}") = "FSpot.Exporters.SmugMug", "src\Extensions\Exporters\FSpot.Exporters.SmugMug\FSpot.Exporters.SmugMug.csproj", "{52B25C86-4BBA-4403-9D2E-EBF011607E03}"
EndProject
Project("{FAE04EC0-301F-11D3-BF4B-00C04F79EFBC}") = "FSpot.Exporters.Zip", "src\Extensions\Exporters\FSpot.Exporters.Zip\FSpot.Exporters.Zip.csproj", "{B41A3F9D-1BE2-4CA6-9D8C-9FA94C1B8C8B}"
EndProject
Project("{FAE04EC0-301F-11D3-BF4B-00C04F79EFBC}") = "Hyena.Tests", "tests\Hyena.Tests\Hyena.Tests.csproj", "{CD94C4A0-45BA-4C75-B10D-16D1B9FD140A}"
EndProject
Project("{FAE04EC0-301F-11D3-BF4B-00C04F79EFBC}") = "FSpot.Gtk", "src\FSpot.Gtk\FSpot.Gtk.csproj", "{3611C54E-3D8F-458E-ADDD-C432FBB394CD}"
EndProject
Global
	GlobalSection(SolutionConfigurationPlatforms) = preSolution
		Debug|Any CPU = Debug|Any CPU
		Release|Any CPU = Release|Any CPU
		Submodule|Any CPU = Submodule|Any CPU
	EndGlobalSection
	GlobalSection(ProjectConfigurationPlatforms) = postSolution
		{13D4FF63-5D83-42D7-AE4C-56BB512D5D89}.Debug|Any CPU.ActiveCfg = Debug|Any CPU
		{13D4FF63-5D83-42D7-AE4C-56BB512D5D89}.Debug|Any CPU.Build.0 = Debug|Any CPU
		{13D4FF63-5D83-42D7-AE4C-56BB512D5D89}.Release|Any CPU.ActiveCfg = Release|Any CPU
		{13D4FF63-5D83-42D7-AE4C-56BB512D5D89}.Release|Any CPU.Build.0 = Release|Any CPU
		{91DD5A2D-9FE3-4C3C-9253-876141874DAD}.Debug|Any CPU.ActiveCfg = Debug|Any CPU
		{91DD5A2D-9FE3-4C3C-9253-876141874DAD}.Debug|Any CPU.Build.0 = Debug|Any CPU
		{91DD5A2D-9FE3-4C3C-9253-876141874DAD}.Release|Any CPU.ActiveCfg = Release|Any CPU
		{91DD5A2D-9FE3-4C3C-9253-876141874DAD}.Release|Any CPU.Build.0 = Release|Any CPU
		{A85C9721-C054-4BD8-A1F3-0227615F0A36}.Debug|Any CPU.ActiveCfg = Debug|Any CPU
		{A85C9721-C054-4BD8-A1F3-0227615F0A36}.Debug|Any CPU.Build.0 = Debug|Any CPU
		{A85C9721-C054-4BD8-A1F3-0227615F0A36}.Release|Any CPU.ActiveCfg = Release|Any CPU
		{A85C9721-C054-4BD8-A1F3-0227615F0A36}.Release|Any CPU.Build.0 = Release|Any CPU
		{FEC19BDA-4904-4005-8C09-68E82E8BEF6A}.Debug|Any CPU.ActiveCfg = Debug|Any CPU
		{FEC19BDA-4904-4005-8C09-68E82E8BEF6A}.Debug|Any CPU.Build.0 = Debug|Any CPU
		{FEC19BDA-4904-4005-8C09-68E82E8BEF6A}.Release|Any CPU.ActiveCfg = Release|Any CPU
		{FEC19BDA-4904-4005-8C09-68E82E8BEF6A}.Release|Any CPU.Build.0 = Release|Any CPU
		{A77D4137-8360-4CDD-826A-F7C2896413B1}.Debug|Any CPU.ActiveCfg = Debug|Any CPU
		{A77D4137-8360-4CDD-826A-F7C2896413B1}.Debug|Any CPU.Build.0 = Debug|Any CPU
		{A77D4137-8360-4CDD-826A-F7C2896413B1}.Release|Any CPU.ActiveCfg = Release|Any CPU
		{A77D4137-8360-4CDD-826A-F7C2896413B1}.Release|Any CPU.Build.0 = Release|Any CPU
		{626CF9BA-9CE7-4DFC-9BDE-19277A076ADE}.Debug|Any CPU.ActiveCfg = Debug|Any CPU
		{626CF9BA-9CE7-4DFC-9BDE-19277A076ADE}.Debug|Any CPU.Build.0 = Debug|Any CPU
		{626CF9BA-9CE7-4DFC-9BDE-19277A076ADE}.Release|Any CPU.ActiveCfg = Release|Any CPU
		{626CF9BA-9CE7-4DFC-9BDE-19277A076ADE}.Release|Any CPU.Build.0 = Release|Any CPU
		{CC95E604-4E2E-438F-9AF2-E048DF439443}.Debug|Any CPU.ActiveCfg = Debug|Any CPU
		{CC95E604-4E2E-438F-9AF2-E048DF439443}.Debug|Any CPU.Build.0 = Debug|Any CPU
		{CC95E604-4E2E-438F-9AF2-E048DF439443}.Release|Any CPU.ActiveCfg = Release|Any CPU
		{CC95E604-4E2E-438F-9AF2-E048DF439443}.Release|Any CPU.Build.0 = Release|Any CPU
		{CCCE7DF1-2D46-4D40-9E9D-B4AF75CC3B32}.Debug|Any CPU.ActiveCfg = Debug|Any CPU
		{CCCE7DF1-2D46-4D40-9E9D-B4AF75CC3B32}.Debug|Any CPU.Build.0 = Debug|Any CPU
		{CCCE7DF1-2D46-4D40-9E9D-B4AF75CC3B32}.Release|Any CPU.ActiveCfg = Release|Any CPU
		{CCCE7DF1-2D46-4D40-9E9D-B4AF75CC3B32}.Release|Any CPU.Build.0 = Release|Any CPU
		{CD94C4A0-45BA-4C75-B10D-16D1B9FD140A}.Debug|Any CPU.ActiveCfg = Debug|Any CPU
		{CD94C4A0-45BA-4C75-B10D-16D1B9FD140A}.Debug|Any CPU.Build.0 = Debug|Any CPU
		{CD94C4A0-45BA-4C75-B10D-16D1B9FD140A}.Release|Any CPU.ActiveCfg = Release|Any CPU
		{CD94C4A0-45BA-4C75-B10D-16D1B9FD140A}.Release|Any CPU.Build.0 = Release|Any CPU
		{FE98C712-BD8A-47EF-998D-75FA79D2FDF3}.Debug|Any CPU.ActiveCfg = Debug|Any CPU
		{FE98C712-BD8A-47EF-998D-75FA79D2FDF3}.Debug|Any CPU.Build.0 = Debug|Any CPU
		{FE98C712-BD8A-47EF-998D-75FA79D2FDF3}.Release|Any CPU.ActiveCfg = Release|Any CPU
		{FE98C712-BD8A-47EF-998D-75FA79D2FDF3}.Release|Any CPU.Build.0 = Release|Any CPU
		{5AFD8D29-9D85-4D46-85C6-3195FF076A8A}.Debug|Any CPU.ActiveCfg = Debug|Any CPU
		{5AFD8D29-9D85-4D46-85C6-3195FF076A8A}.Debug|Any CPU.Build.0 = Debug|Any CPU
		{5AFD8D29-9D85-4D46-85C6-3195FF076A8A}.Release|Any CPU.ActiveCfg = Release|Any CPU
		{5AFD8D29-9D85-4D46-85C6-3195FF076A8A}.Release|Any CPU.Build.0 = Release|Any CPU
		{5BC64C21-23F9-4344-9B31-99B85F73C2CF}.Debug|Any CPU.ActiveCfg = Debug|Any CPU
		{5BC64C21-23F9-4344-9B31-99B85F73C2CF}.Debug|Any CPU.Build.0 = Debug|Any CPU
		{5BC64C21-23F9-4344-9B31-99B85F73C2CF}.Release|Any CPU.ActiveCfg = Release|Any CPU
		{5BC64C21-23F9-4344-9B31-99B85F73C2CF}.Release|Any CPU.Build.0 = Release|Any CPU
		{9A47356C-C134-47B2-AECC-4BA4565ACF77}.Debug|Any CPU.ActiveCfg = Debug|Any CPU
		{9A47356C-C134-47B2-AECC-4BA4565ACF77}.Debug|Any CPU.Build.0 = Debug|Any CPU
		{9A47356C-C134-47B2-AECC-4BA4565ACF77}.Release|Any CPU.ActiveCfg = Release|Any CPU
		{9A47356C-C134-47B2-AECC-4BA4565ACF77}.Release|Any CPU.Build.0 = Release|Any CPU
		{9E1EF91A-2ED1-4577-AA43-B9E019AC48E4}.Debug|Any CPU.ActiveCfg = Debug|Any CPU
		{9E1EF91A-2ED1-4577-AA43-B9E019AC48E4}.Debug|Any CPU.Build.0 = Debug|Any CPU
		{9E1EF91A-2ED1-4577-AA43-B9E019AC48E4}.Release|Any CPU.ActiveCfg = Release|Any CPU
		{9E1EF91A-2ED1-4577-AA43-B9E019AC48E4}.Release|Any CPU.Build.0 = Release|Any CPU
		{70AF3917-E167-4008-A859-D681AC693C74}.Debug|Any CPU.ActiveCfg = Debug|Any CPU
		{70AF3917-E167-4008-A859-D681AC693C74}.Debug|Any CPU.Build.0 = Debug|Any CPU
		{70AF3917-E167-4008-A859-D681AC693C74}.Release|Any CPU.ActiveCfg = Release|Any CPU
		{70AF3917-E167-4008-A859-D681AC693C74}.Release|Any CPU.Build.0 = Release|Any CPU
		{F8DC66C1-A150-472E-8542-A6A1DF43FA32}.Debug|Any CPU.ActiveCfg = Debug|Any CPU
		{F8DC66C1-A150-472E-8542-A6A1DF43FA32}.Debug|Any CPU.Build.0 = Debug|Any CPU
		{F8DC66C1-A150-472E-8542-A6A1DF43FA32}.Release|Any CPU.ActiveCfg = Release|Any CPU
		{F8DC66C1-A150-472E-8542-A6A1DF43FA32}.Release|Any CPU.Build.0 = Release|Any CPU
		{1E3AB6AD-5AB8-4030-A51E-A4A9A05D1614}.Debug|Any CPU.ActiveCfg = Debug|Any CPU
		{1E3AB6AD-5AB8-4030-A51E-A4A9A05D1614}.Debug|Any CPU.Build.0 = Debug|Any CPU
		{1E3AB6AD-5AB8-4030-A51E-A4A9A05D1614}.Release|Any CPU.ActiveCfg = Release|Any CPU
		{1E3AB6AD-5AB8-4030-A51E-A4A9A05D1614}.Release|Any CPU.Build.0 = Release|Any CPU
		{F7461C03-636D-4C75-8D09-1D425C1257B6}.Debug|Any CPU.ActiveCfg = Debug|Any CPU
		{F7461C03-636D-4C75-8D09-1D425C1257B6}.Debug|Any CPU.Build.0 = Debug|Any CPU
		{F7461C03-636D-4C75-8D09-1D425C1257B6}.Release|Any CPU.ActiveCfg = Release|Any CPU
		{F7461C03-636D-4C75-8D09-1D425C1257B6}.Release|Any CPU.Build.0 = Release|Any CPU
		{1F84E40F-192F-4864-A6AF-8E5018AC0652}.Debug|Any CPU.ActiveCfg = Debug|Any CPU
		{1F84E40F-192F-4864-A6AF-8E5018AC0652}.Debug|Any CPU.Build.0 = Debug|Any CPU
		{1F84E40F-192F-4864-A6AF-8E5018AC0652}.Release|Any CPU.ActiveCfg = Release|Any CPU
		{1F84E40F-192F-4864-A6AF-8E5018AC0652}.Release|Any CPU.Build.0 = Release|Any CPU
		{73CC9B46-0189-4D87-AF89-F97C627FC9CF}.Debug|Any CPU.ActiveCfg = Debug|Any CPU
		{73CC9B46-0189-4D87-AF89-F97C627FC9CF}.Debug|Any CPU.Build.0 = Debug|Any CPU
		{73CC9B46-0189-4D87-AF89-F97C627FC9CF}.Release|Any CPU.ActiveCfg = Release|Any CPU
		{73CC9B46-0189-4D87-AF89-F97C627FC9CF}.Release|Any CPU.Build.0 = Release|Any CPU
		{0639DC6B-FF24-49E1-AD1B-CA84D1A9492A}.Debug|Any CPU.ActiveCfg = Debug|Any CPU
		{0639DC6B-FF24-49E1-AD1B-CA84D1A9492A}.Debug|Any CPU.Build.0 = Debug|Any CPU
		{0639DC6B-FF24-49E1-AD1B-CA84D1A9492A}.Release|Any CPU.ActiveCfg = Release|Any CPU
		{0639DC6B-FF24-49E1-AD1B-CA84D1A9492A}.Release|Any CPU.Build.0 = Release|Any CPU
		{D87A3251-3E27-4D65-A7DF-0A01CF868220}.Debug|Any CPU.ActiveCfg = Debug|Any CPU
		{D87A3251-3E27-4D65-A7DF-0A01CF868220}.Debug|Any CPU.Build.0 = Debug|Any CPU
		{D87A3251-3E27-4D65-A7DF-0A01CF868220}.Release|Any CPU.ActiveCfg = Release|Any CPU
		{D87A3251-3E27-4D65-A7DF-0A01CF868220}.Release|Any CPU.Build.0 = Release|Any CPU
		{D3A93499-AFBF-4A00-AD93-5C9CCE515428}.Debug|Any CPU.ActiveCfg = Debug|Any CPU
		{D3A93499-AFBF-4A00-AD93-5C9CCE515428}.Debug|Any CPU.Build.0 = Debug|Any CPU
		{D3A93499-AFBF-4A00-AD93-5C9CCE515428}.Release|Any CPU.ActiveCfg = Release|Any CPU
		{D3A93499-AFBF-4A00-AD93-5C9CCE515428}.Release|Any CPU.Build.0 = Release|Any CPU
		{BEC61340-E75A-4440-B01E-7872DAFF54E1}.Debug|Any CPU.ActiveCfg = Debug|Any CPU
		{BEC61340-E75A-4440-B01E-7872DAFF54E1}.Debug|Any CPU.Build.0 = Debug|Any CPU
		{BEC61340-E75A-4440-B01E-7872DAFF54E1}.Release|Any CPU.ActiveCfg = Release|Any CPU
		{BEC61340-E75A-4440-B01E-7872DAFF54E1}.Release|Any CPU.Build.0 = Release|Any CPU
		{A4F9EEC6-C83A-4F48-960E-7FE9FB89ACE1}.Debug|Any CPU.ActiveCfg = Debug|Any CPU
		{A4F9EEC6-C83A-4F48-960E-7FE9FB89ACE1}.Debug|Any CPU.Build.0 = Debug|Any CPU
		{A4F9EEC6-C83A-4F48-960E-7FE9FB89ACE1}.Release|Any CPU.ActiveCfg = Release|Any CPU
		{A4F9EEC6-C83A-4F48-960E-7FE9FB89ACE1}.Release|Any CPU.Build.0 = Release|Any CPU
		{9CA0189F-B66F-4EA3-9DE3-AE8E3F365B8D}.Debug|Any CPU.ActiveCfg = Debug|Any CPU
		{9CA0189F-B66F-4EA3-9DE3-AE8E3F365B8D}.Debug|Any CPU.Build.0 = Debug|Any CPU
		{9CA0189F-B66F-4EA3-9DE3-AE8E3F365B8D}.Release|Any CPU.ActiveCfg = Release|Any CPU
		{9CA0189F-B66F-4EA3-9DE3-AE8E3F365B8D}.Release|Any CPU.Build.0 = Release|Any CPU
		{E6610A4D-85E4-4189-875C-0EA5A8D77D6F}.Debug|Any CPU.ActiveCfg = Debug|Any CPU
		{E6610A4D-85E4-4189-875C-0EA5A8D77D6F}.Debug|Any CPU.Build.0 = Debug|Any CPU
		{E6610A4D-85E4-4189-875C-0EA5A8D77D6F}.Release|Any CPU.ActiveCfg = Release|Any CPU
		{E6610A4D-85E4-4189-875C-0EA5A8D77D6F}.Release|Any CPU.Build.0 = Release|Any CPU
		{36710F27-CC05-4B18-BB7A-E0638008EE9F}.Debug|Any CPU.ActiveCfg = Debug|Any CPU
		{36710F27-CC05-4B18-BB7A-E0638008EE9F}.Debug|Any CPU.Build.0 = Debug|Any CPU
		{36710F27-CC05-4B18-BB7A-E0638008EE9F}.Release|Any CPU.ActiveCfg = Release|Any CPU
		{36710F27-CC05-4B18-BB7A-E0638008EE9F}.Release|Any CPU.Build.0 = Release|Any CPU
		{ABA669B8-468D-4190-B991-61DBD57B09CC}.Debug|Any CPU.ActiveCfg = Debug|Any CPU
		{ABA669B8-468D-4190-B991-61DBD57B09CC}.Debug|Any CPU.Build.0 = Debug|Any CPU
		{ABA669B8-468D-4190-B991-61DBD57B09CC}.Release|Any CPU.ActiveCfg = Release|Any CPU
		{ABA669B8-468D-4190-B991-61DBD57B09CC}.Release|Any CPU.Build.0 = Release|Any CPU
		{25F7136F-62D7-4FC1-BB20-BD4FD426EC3F}.Debug|Any CPU.ActiveCfg = Debug|Any CPU
		{25F7136F-62D7-4FC1-BB20-BD4FD426EC3F}.Debug|Any CPU.Build.0 = Debug|Any CPU
		{25F7136F-62D7-4FC1-BB20-BD4FD426EC3F}.Release|Any CPU.ActiveCfg = Release|Any CPU
		{25F7136F-62D7-4FC1-BB20-BD4FD426EC3F}.Release|Any CPU.Build.0 = Release|Any CPU
		{989F15A4-70C3-4683-B23F-52F9A4C036E2}.Debug|Any CPU.ActiveCfg = Debug|Any CPU
		{989F15A4-70C3-4683-B23F-52F9A4C036E2}.Debug|Any CPU.Build.0 = Debug|Any CPU
		{989F15A4-70C3-4683-B23F-52F9A4C036E2}.Release|Any CPU.ActiveCfg = Release|Any CPU
		{989F15A4-70C3-4683-B23F-52F9A4C036E2}.Release|Any CPU.Build.0 = Release|Any CPU
		{BEFBA87D-7AC2-4E7D-BD81-030BE237A71F}.Debug|Any CPU.ActiveCfg = Debug|Any CPU
		{BEFBA87D-7AC2-4E7D-BD81-030BE237A71F}.Debug|Any CPU.Build.0 = Debug|Any CPU
		{BEFBA87D-7AC2-4E7D-BD81-030BE237A71F}.Release|Any CPU.ActiveCfg = Release|Any CPU
		{BEFBA87D-7AC2-4E7D-BD81-030BE237A71F}.Release|Any CPU.Build.0 = Release|Any CPU
		{D854C369-247F-4AE6-BE00-19CC7BB8CA0E}.Debug|Any CPU.ActiveCfg = Debug|Any CPU
		{D854C369-247F-4AE6-BE00-19CC7BB8CA0E}.Debug|Any CPU.Build.0 = Debug|Any CPU
		{D854C369-247F-4AE6-BE00-19CC7BB8CA0E}.Release|Any CPU.ActiveCfg = Release|Any CPU
		{D854C369-247F-4AE6-BE00-19CC7BB8CA0E}.Release|Any CPU.Build.0 = Release|Any CPU
		{0003E2ED-CDD8-44E7-838F-4D8A58003BBF}.Debug|Any CPU.ActiveCfg = Debug|Any CPU
		{0003E2ED-CDD8-44E7-838F-4D8A58003BBF}.Debug|Any CPU.Build.0 = Debug|Any CPU
		{0003E2ED-CDD8-44E7-838F-4D8A58003BBF}.Release|Any CPU.ActiveCfg = Release|Any CPU
		{0003E2ED-CDD8-44E7-838F-4D8A58003BBF}.Release|Any CPU.Build.0 = Release|Any CPU
		{C67C424D-8ACF-4DF5-8016-61BC173AC3D2}.Debug|Any CPU.ActiveCfg = Debug|Any CPU
		{C67C424D-8ACF-4DF5-8016-61BC173AC3D2}.Debug|Any CPU.Build.0 = Debug|Any CPU
		{C67C424D-8ACF-4DF5-8016-61BC173AC3D2}.Release|Any CPU.ActiveCfg = Release|Any CPU
		{C67C424D-8ACF-4DF5-8016-61BC173AC3D2}.Release|Any CPU.Build.0 = Release|Any CPU
		{F4F80542-4EE6-4E81-9DE7-0D418E08761C}.Debug|Any CPU.ActiveCfg = Debug|Any CPU
		{F4F80542-4EE6-4E81-9DE7-0D418E08761C}.Debug|Any CPU.Build.0 = Debug|Any CPU
		{F4F80542-4EE6-4E81-9DE7-0D418E08761C}.Release|Any CPU.ActiveCfg = Release|Any CPU
		{F4F80542-4EE6-4E81-9DE7-0D418E08761C}.Release|Any CPU.Build.0 = Release|Any CPU
		{52B25C86-4BBA-4403-9D2E-EBF011607E03}.Debug|Any CPU.ActiveCfg = Debug|Any CPU
		{52B25C86-4BBA-4403-9D2E-EBF011607E03}.Debug|Any CPU.Build.0 = Debug|Any CPU
		{52B25C86-4BBA-4403-9D2E-EBF011607E03}.Release|Any CPU.ActiveCfg = Release|Any CPU
		{52B25C86-4BBA-4403-9D2E-EBF011607E03}.Release|Any CPU.Build.0 = Release|Any CPU
		{B41A3F9D-1BE2-4CA6-9D8C-9FA94C1B8C8B}.Debug|Any CPU.ActiveCfg = Debug|Any CPU
		{B41A3F9D-1BE2-4CA6-9D8C-9FA94C1B8C8B}.Debug|Any CPU.Build.0 = Debug|Any CPU
		{B41A3F9D-1BE2-4CA6-9D8C-9FA94C1B8C8B}.Release|Any CPU.ActiveCfg = Release|Any CPU
		{B41A3F9D-1BE2-4CA6-9D8C-9FA94C1B8C8B}.Release|Any CPU.Build.0 = Release|Any CPU
		{3611C54E-3D8F-458E-ADDD-C432FBB394CD}.Debug|Any CPU.ActiveCfg = Debug|Any CPU
		{3611C54E-3D8F-458E-ADDD-C432FBB394CD}.Debug|Any CPU.Build.0 = Debug|Any CPU
		{3611C54E-3D8F-458E-ADDD-C432FBB394CD}.Release|Any CPU.ActiveCfg = Release|Any CPU
		{3611C54E-3D8F-458E-ADDD-C432FBB394CD}.Release|Any CPU.Build.0 = Release|Any CPU
	EndGlobalSection
	GlobalSection(SolutionProperties) = preSolution
		HideSolutionNode = FALSE
	EndGlobalSection
	GlobalSection(NestedProjects) = preSolution
		{416E19A2-9CD9-498F-BE75-20AB74535ACD} = {7D049DAA-F1B0-4697-9BCA-91FC0E1A2B9D}
		{E9BCB7B9-3D8C-4C5C-B6FA-0BBAC6611106} = {7D049DAA-F1B0-4697-9BCA-91FC0E1A2B9D}
		{78EC5D8B-299B-4724-844D-6F3A8E8D1536} = {7D049DAA-F1B0-4697-9BCA-91FC0E1A2B9D}
		{C9302C4A-B571-4F8E-8FFA-7B4C7DF8B3E3} = {7D049DAA-F1B0-4697-9BCA-91FC0E1A2B9D}
		{13D4FF63-5D83-42D7-AE4C-56BB512D5D89} = {C9302C4A-B571-4F8E-8FFA-7B4C7DF8B3E3}
		{91DD5A2D-9FE3-4C3C-9253-876141874DAD} = {A6C38ABC-9B2B-4693-A16C-0741E5561B32}
		{A85C9721-C054-4BD8-A1F3-0227615F0A36} = {A6C38ABC-9B2B-4693-A16C-0741E5561B32}
		{FEC19BDA-4904-4005-8C09-68E82E8BEF6A} = {A6C38ABC-9B2B-4693-A16C-0741E5561B32}
		{A77D4137-8360-4CDD-826A-F7C2896413B1} = {6DC9A109-EC89-4221-B8CD-9E88B589DBC1}
		{626CF9BA-9CE7-4DFC-9BDE-19277A076ADE} = {EC6E58F1-83AD-44FB-A852-E9A3EBFA78E8}
		{CC95E604-4E2E-438F-9AF2-E048DF439443} = {EC6E58F1-83AD-44FB-A852-E9A3EBFA78E8}
		{5BC64C21-23F9-4344-9B31-99B85F73C2CF} = {6369E0D4-0A68-4D4E-A6A0-EF2EA793002F}
		{9A47356C-C134-47B2-AECC-4BA4565ACF77} = {6369E0D4-0A68-4D4E-A6A0-EF2EA793002F}
		{9E1EF91A-2ED1-4577-AA43-B9E019AC48E4} = {6369E0D4-0A68-4D4E-A6A0-EF2EA793002F}
		{5AFD8D29-9D85-4D46-85C6-3195FF076A8A} = {6369E0D4-0A68-4D4E-A6A0-EF2EA793002F}
		{CCCE7DF1-2D46-4D40-9E9D-B4AF75CC3B32} = {6369E0D4-0A68-4D4E-A6A0-EF2EA793002F}
		{FE98C712-BD8A-47EF-998D-75FA79D2FDF3} = {6369E0D4-0A68-4D4E-A6A0-EF2EA793002F}
		{70AF3917-E167-4008-A859-D681AC693C74} = {6369E0D4-0A68-4D4E-A6A0-EF2EA793002F}
		{F8DC66C1-A150-472E-8542-A6A1DF43FA32} = {6369E0D4-0A68-4D4E-A6A0-EF2EA793002F}
		{1E3AB6AD-5AB8-4030-A51E-A4A9A05D1614} = {416E19A2-9CD9-498F-BE75-20AB74535ACD}
		{F7461C03-636D-4C75-8D09-1D425C1257B6} = {416E19A2-9CD9-498F-BE75-20AB74535ACD}
		{1F84E40F-192F-4864-A6AF-8E5018AC0652} = {416E19A2-9CD9-498F-BE75-20AB74535ACD}
		{73CC9B46-0189-4D87-AF89-F97C627FC9CF} = {416E19A2-9CD9-498F-BE75-20AB74535ACD}
		{0639DC6B-FF24-49E1-AD1B-CA84D1A9492A} = {416E19A2-9CD9-498F-BE75-20AB74535ACD}
		{D87A3251-3E27-4D65-A7DF-0A01CF868220} = {E9BCB7B9-3D8C-4C5C-B6FA-0BBAC6611106}
		{D3A93499-AFBF-4A00-AD93-5C9CCE515428} = {E9BCB7B9-3D8C-4C5C-B6FA-0BBAC6611106}
		{BEC61340-E75A-4440-B01E-7872DAFF54E1} = {E9BCB7B9-3D8C-4C5C-B6FA-0BBAC6611106}
		{A4F9EEC6-C83A-4F48-960E-7FE9FB89ACE1} = {78EC5D8B-299B-4724-844D-6F3A8E8D1536}
		{9CA0189F-B66F-4EA3-9DE3-AE8E3F365B8D} = {78EC5D8B-299B-4724-844D-6F3A8E8D1536}
		{E6610A4D-85E4-4189-875C-0EA5A8D77D6F} = {78EC5D8B-299B-4724-844D-6F3A8E8D1536}
		{36710F27-CC05-4B18-BB7A-E0638008EE9F} = {78EC5D8B-299B-4724-844D-6F3A8E8D1536}
		{ABA669B8-468D-4190-B991-61DBD57B09CC} = {78EC5D8B-299B-4724-844D-6F3A8E8D1536}
		{25F7136F-62D7-4FC1-BB20-BD4FD426EC3F} = {78EC5D8B-299B-4724-844D-6F3A8E8D1536}
		{989F15A4-70C3-4683-B23F-52F9A4C036E2} = {78EC5D8B-299B-4724-844D-6F3A8E8D1536}
		{BEFBA87D-7AC2-4E7D-BD81-030BE237A71F} = {C9302C4A-B571-4F8E-8FFA-7B4C7DF8B3E3}
		{D854C369-247F-4AE6-BE00-19CC7BB8CA0E} = {C9302C4A-B571-4F8E-8FFA-7B4C7DF8B3E3}
		{0003E2ED-CDD8-44E7-838F-4D8A58003BBF} = {C9302C4A-B571-4F8E-8FFA-7B4C7DF8B3E3}
		{C67C424D-8ACF-4DF5-8016-61BC173AC3D2} = {C9302C4A-B571-4F8E-8FFA-7B4C7DF8B3E3}
		{F4F80542-4EE6-4E81-9DE7-0D418E08761C} = {C9302C4A-B571-4F8E-8FFA-7B4C7DF8B3E3}
		{52B25C86-4BBA-4403-9D2E-EBF011607E03} = {C9302C4A-B571-4F8E-8FFA-7B4C7DF8B3E3}
		{B41A3F9D-1BE2-4CA6-9D8C-9FA94C1B8C8B} = {C9302C4A-B571-4F8E-8FFA-7B4C7DF8B3E3}
		{CD94C4A0-45BA-4C75-B10D-16D1B9FD140A} = {EC6E58F1-83AD-44FB-A852-E9A3EBFA78E8}
		{3611C54E-3D8F-458E-ADDD-C432FBB394CD} = {9D75644A-DEF1-4362-8553-4B5F09783DC9}
	EndGlobalSection
	GlobalSection(ExtensibilityGlobals) = postSolution
		SolutionGuid = {EA05F7A3-D58F-4080-9C14-F45345CC56D6}
	EndGlobalSection
	GlobalSection(MonoDevelopProperties) = preSolution
		Policies = $0
		$0.DotNetNamingPolicy = $1
		$1.DirectoryNamespaceAssociation = Flat
		$1.ResourceNamePolicy = FileName
		$0.TextStylePolicy = $11
		version = 0.9.0
		outputpath = .
		StartupItem = src\Clients\FSpot\FSpot.csproj
	EndGlobalSection
EndGlobal
